[[package]]
name = "chardet"
version = "4.0.0"
description = "Universal encoding detector for Python 2 and 3"
category = "main"
optional = false
python-versions = ">=2.7, !=3.0.*, !=3.1.*, !=3.2.*, !=3.3.*, !=3.4.*"

[[package]]
name = "fastobo"
version = "0.11.1"
description = "Faultless AST for Open Biomedical Ontologies in Python."
category = "main"
optional = false
python-versions = ">=3.6"

[[package]]
name = "isodate"
version = "0.6.1"
description = "An ISO 8601 date/time/duration parser and formatter"
category = "main"
optional = false
python-versions = "*"

[package.dependencies]
six = "*"

[[package]]
name = "networkx"
version = "2.7.1"
description = "Python package for creating and manipulating graphs and networks"
category = "main"
optional = false
python-versions = ">=3.8"

[package.extras]
default = ["numpy (>=1.19)", "scipy (>=1.8)", "matplotlib (>=3.4)", "pandas (>=1.3)"]
developer = ["black (==22.1)", "pyupgrade (>=2.31)", "pre-commit (>=2.17)", "mypy (>=0.931)"]
doc = ["sphinx (>=4.4)", "pydata-sphinx-theme (>=0.8)", "sphinx-gallery (>=0.10)", "numpydoc (>=1.2)", "pillow (>=9.0)", "nb2plots (>=0.6)", "texext (>=0.6.6)"]
extra = ["lxml (>=4.6)", "pygraphviz (>=1.9)", "pydot (>=1.4.2)"]
test = ["pytest (>=7.0)", "pytest-cov (>=3.0)", "codecov (>=2.1)"]

[[package]]
name = "owlready2"
version = "0.37"
description = "A package for ontology-oriented programming in Python: load OWL 2.0 ontologies as Python objects, modify them, save them, and perform reasoning via HermiT. Includes an optimized RDF quadstore."
category = "main"
optional = false
python-versions = ">=3.6"

[[package]]
name = "pronto"
version = "2.4.4"
description = "Python frontend to ontologies."
category = "main"
optional = false
python-versions = ">=3.6"

[package.dependencies]
chardet = ">=3.0,<5.0"
fastobo = ">=0.11.1,<0.12.0"
networkx = ">=2.3,<3.0"
python-dateutil = ">=2.8,<3.0"

[[package]]
name = "pyparsing"
version = "3.0.7"
description = "Python parsing module"
category = "main"
optional = false
python-versions = ">=3.6"

[package.extras]
diagrams = ["jinja2", "railroad-diagrams"]

[[package]]
name = "python-dateutil"
version = "2.8.2"
description = "Extensions to the standard Python datetime module"
category = "main"
optional = false
python-versions = "!=3.0.*,!=3.1.*,!=3.2.*,>=2.7"

[package.dependencies]
six = ">=1.5"

[[package]]
name = "rdflib"
version = "6.1.1"
description = "RDFLib is a Python library for working with RDF, a simple yet powerful language for representing information."
category = "main"
optional = false
python-versions = ">=3.7"

[package.dependencies]
isodate = "*"
pyparsing = "*"

[package.extras]
docs = ["sphinx (<5)", "sphinxcontrib-apidoc"]
html = ["html5lib"]
tests = ["berkeleydb", "html5lib", "networkx", "pytest", "pytest-cov", "pytest-subtests"]

[[package]]
name = "six"
version = "1.16.0"
description = "Python 2 and 3 compatibility utilities"
category = "main"
optional = false
python-versions = ">=2.7, !=3.0.*, !=3.1.*, !=3.2.*"

[metadata]
lock-version = "1.1"
python-versions = "^3.10"
content-hash = "52618eb0e60e9ae88e2f9e9081e961933e1128f0de6e0a164af85f90fab7d73a"

[metadata.files]
chardet = [
    {file = "chardet-4.0.0-py2.py3-none-any.whl", hash = "sha256:f864054d66fd9118f2e67044ac8981a54775ec5b67aed0441892edb553d21da5"},
    {file = "chardet-4.0.0.tar.gz", hash = "sha256:0d6f53a15db4120f2b08c94f11e7d93d2c911ee118b6b30a04ec3ee8310179fa"},
]
fastobo = [
    {file = "fastobo-0.11.1-cp310-cp310-macosx_10_15_x86_64.whl", hash = "sha256:80879ce45dfe4457959301b37563b2073bd19f265c9395f5ae99f2eac16f7739"},
    {file = "fastobo-0.11.1-cp310-cp310-manylinux_2_17_aarch64.manylinux2014_aarch64.whl", hash = "sha256:1aaf6aee2d2e2660d6c3eb88ef0d03353e51d7342323e5dae62814cb5e0ca712"},
    {file = "fastobo-0.11.1-cp310-cp310-manylinux_2_5_x86_64.manylinux1_x86_64.manylinux_2_12_x86_64.manylinux2010_x86_64.whl", hash = "sha256:93aa0a3760315de43d6f770d990be2933aa63cb6d425adb25f20413223937c2a"},
    {file = "fastobo-0.11.1-cp36-cp36m-macosx_10_14_x86_64.whl", hash = "sha256:d647a215e9add293636c37a4df3f708d4e85cf87bbaf8f19cd0c5e1c79f51060"},
    {file = "fastobo-0.11.1-cp36-cp36m-manylinux_2_17_aarch64.manylinux2014_aarch64.whl", hash = "sha256:b60fb668178eb07b3952c8a9dea34597c1a019c33d93674dfcbc732d8dcbe7e3"},
    {file = "fastobo-0.11.1-cp36-cp36m-manylinux_2_5_x86_64.manylinux1_x86_64.manylinux_2_12_x86_64.manylinux2010_x86_64.whl", hash = "sha256:130e30d2f20833fd181fb9439404f6f90e7d0ace582a0af11a2d93f5a91c72d4"},
    {file = "fastobo-0.11.1-cp36-cp36m-win_amd64.whl", hash = "sha256:7aa23b8bec6cc89ba383a9535637076d2cfc8e420d3ea41d6ce4be412250a766"},
    {file = "fastobo-0.11.1-cp37-cp37m-macosx_10_14_x86_64.whl", hash = "sha256:cf8f3594e11c3a8e84c4cbf064a2cb02a8601f6a22406ae5607181552cd30fa2"},
    {file = "fastobo-0.11.1-cp37-cp37m-manylinux_2_17_aarch64.manylinux2014_aarch64.whl", hash = "sha256:2e2d6de2a8a2d1416e81a48a966433947145f1186c201eeb5362e80b005afb14"},
    {file = "fastobo-0.11.1-cp37-cp37m-manylinux_2_5_x86_64.manylinux1_x86_64.manylinux_2_12_x86_64.manylinux2010_x86_64.whl", hash = "sha256:a368470a46f8cacf1e75e65aa26c566ba2f60040973357cdb6552c4c077e7e4c"},
    {file = "fastobo-0.11.1-cp37-cp37m-win_amd64.whl", hash = "sha256:2c45bb2cf3eae700d2e92a6280b06ac580b116e6cc3e295074844a24a87b5257"},
    {file = "fastobo-0.11.1-cp38-cp38-macosx_10_14_x86_64.whl", hash = "sha256:159850e7cee0f63b6223ec111c3077c5d73e98ba741d50240bf548630e4e4eae"},
    {file = "fastobo-0.11.1-cp38-cp38-manylinux_2_17_aarch64.manylinux2014_aarch64.whl", hash = "sha256:e71ed4af0acb217c7bb39c322f69cfe0b05cbc603bf1c55ffbb9e1a434dd2f00"},
    {file = "fastobo-0.11.1-cp38-cp38-manylinux_2_5_x86_64.manylinux1_x86_64.manylinux_2_12_x86_64.manylinux2010_x86_64.whl", hash = "sha256:6bd12171b5244a943c37d03d34161a2ced262be8f425e964108114f1c86a0ec0"},
    {file = "fastobo-0.11.1-cp38-cp38-win_amd64.whl", hash = "sha256:466318add3732d95b8c94433f67364d69a102e6e0c03fea92e675a12666802b8"},
    {file = "fastobo-0.11.1-cp39-cp39-macosx_10_15_x86_64.whl", hash = "sha256:be54672b8b022705a5d9038fb0a4af61dd213061dbec15ad979a6ee4254118a9"},
    {file = "fastobo-0.11.1-cp39-cp39-manylinux_2_17_aarch64.manylinux2014_aarch64.whl", hash = "sha256:2cd444acffff0d96754a7fb0d1b41b6c914ec2af297baaf7e833a7ed9423f6a8"},
    {file = "fastobo-0.11.1-cp39-cp39-manylinux_2_5_x86_64.manylinux1_x86_64.manylinux_2_12_x86_64.manylinux2010_x86_64.whl", hash = "sha256:01e5d950d7588f8ddf2d3d966f917e9a4b6639ed6c404a5946c07fcc56224dd3"},
    {file = "fastobo-0.11.1-cp39-cp39-win_amd64.whl", hash = "sha256:a16e0ebc728f940423abac0648e49d0b3d79922822739b929a3ac47a60949798"},
    {file = "fastobo-0.11.1-pp37-pypy37_pp73-macosx_10_9_x86_64.whl", hash = "sha256:0d91e412186afb9e8090fc21ae664fb9165e6c06d5c223a5cb55c1103e5d9fe9"},
    {file = "fastobo-0.11.1.tar.gz", hash = "sha256:4f71dcca4d841496816bba873d6070b6a414cac385a561747e900c740b762ef3"},
]
isodate = [
    {file = "isodate-0.6.1-py2.py3-none-any.whl", hash = "sha256:0751eece944162659049d35f4f549ed815792b38793f07cf73381c1c87cbed96"},
    {file = "isodate-0.6.1.tar.gz", hash = "sha256:48c5881de7e8b0a0d648cb024c8062dc84e7b840ed81e864c7614fd3c127bde9"},
]
networkx = [
    {file = "networkx-2.7.1-py3-none-any.whl", hash = "sha256:011e85d277c89681e8fa661cf5ff0743443445049b0b68789ad55ef09340c6e0"},
    {file = "networkx-2.7.1.tar.gz", hash = "sha256:d1194ba753e5eed07cdecd1d23c5cd7a3c772099bd8dbd2fea366788cf4de7ba"},
]
owlready2 = [
    {file = "Owlready2-0.37.tar.gz", hash = "sha256:1adcc8c2887ce570cbb085b49f572635c0c3b4047fa640b3ded270745cebf805"},
]
pronto = [
    {file = "pronto-2.4.4-py2.py3-none-any.whl", hash = "sha256:100acbb557d795efafbc83d3d1eca692489446b8b99b069aa30c432e64afe934"},
    {file = "pronto-2.4.4.tar.gz", hash = "sha256:17285b99ac374162aee29a6631cbb32e8b3969db55befa1bb2e01aedc8872e70"},
]
pyparsing = [
    {file = "pyparsing-3.0.7-py3-none-any.whl", hash = "sha256:a6c06a88f252e6c322f65faf8f418b16213b51bdfaece0524c1c1bc30c63c484"},
    {file = "pyparsing-3.0.7.tar.gz", hash = "sha256:18ee9022775d270c55187733956460083db60b37d0d0fb357445f3094eed3eea"},
]
python-dateutil = [
    {file = "python-dateutil-2.8.2.tar.gz", hash = "sha256:0123cacc1627ae19ddf3c27a5de5bd67ee4586fbdd6440d9748f8abb483d3e86"},
    {file = "python_dateutil-2.8.2-py2.py3-none-any.whl", hash = "sha256:961d03dc3453ebbc59dbdea9e4e11c5651520a876d0f4db161e8674aae935da9"},
]
rdflib = [
    {file = "rdflib-6.1.1-py3-none-any.whl", hash = "sha256:fc81cef513cd552d471f2926141396b633207109d0154c8e77926222c70367fe"},
    {file = "rdflib-6.1.1.tar.gz", hash = "sha256:8dbfa0af2990b98471dacbc936d6494c997ede92fd8ed693fb84ee700ef6f754"},
]
six = [
    {file = "six-1.16.0-py2.py3-none-any.whl", hash = "sha256:8abb2f1d86890a2dfb989f9a77cfcfd3e47c2a354b01111771326f8aa26e0254"},
    {file = "six-1.16.0.tar.gz", hash = "sha256:1e61c37477a1626458e36f7b1d82aa5c9b094fa4802892072e49de9c60c4c926"},
]
